Microsoft Visual Studio Solution File, Format Version 12.00
# Visual Studio Version 17
VisualStudioVersion = 17.13.35806.99
MinimumVisualStudioVersion = 10.0.40219.1
Project("{FAE04EC0-301F-11D3-BF4B-00C04F79EFBC}") = "ExcelBdConverter", "ExcelBdConverter.csproj", "{6EE18475-DD03-4B25-A942-B4ED51D6DE55}"
EndProject
Project("{FAE04EC0-301F-11D3-BF4B-00C04F79EFBC}") = "ExcelDBconsole", "ExcelDBconsole\ExcelDBconsole.csproj", "{2B32A21C-84BD-47FD-A1F5-913F61311CD4}"
EndProject
Global
	GlobalSection(SolutionConfigurationPlatforms) = preSolution
		Debug|Any CPU = Debug|Any CPU
		Release|Any CPU = Release|Any CPU
	EndGlobalSection
	GlobalSection(ProjectConfigurationPlatforms) = postSolution
		{6EE18475-DD03-4B25-A942-B4ED51D6DE55}.Debug|Any CPU.ActiveCfg = Debug|Any CPU
		{6EE18475-DD03-4B25-A942-B4ED51D6DE55}.Debug|Any CPU.Build.0 = Debug|Any CPU
		{6EE18475-DD03-4B25-A942-B4ED51D6DE55}.Release|Any CPU.ActiveCfg = Release|Any CPU
		{6EE18475-DD03-4B25-A942-B4ED51D6DE55}.Release|Any CPU.Build.0 = Release|Any CPU
		{2B32A21C-84BD-47FD-A1F5-913F61311CD4}.Debug|Any CPU.ActiveCfg = Debug|Any CPU
		{2B32A21C-84BD-47FD-A1F5-913F61311CD4}.Debug|Any CPU.Build.0 = Debug|Any CPU
		{2B32A21C-84BD-47FD-A1F5-913F61311CD4}.Release|Any CPU.ActiveCfg = Release|Any CPU
		{2B32A21C-84BD-47FD-A1F5-913F61311CD4}.Release|Any CPU.Build.0 = Release|Any CPU
	EndGlobalSection
	GlobalSection(SolutionProperties) = preSolution
		HideSolutionNode = FALSE
	EndGlobalSection
	GlobalSection(ExtensibilityGlobals) = postSolution
		SolutionGuid = {B11B5753-ECFB-46E3-9525-4EF19947B4BB}
	EndGlobalSection
EndGlobal
